
Microsoft Visual Studio Solution File, Format Version 12.00
# Visual Studio Version 16
VisualStudioVersion = 25.0.1705.4
MinimumVisualStudioVersion = 10.0.40219.1
Project("{FAE04EC0-301F-11D3-BF4B-00C04F79EFBC}") = "ExcelEditor.Android", "ExcelEditor.Android\ExcelEditor.Android.csproj", "{6B5D7A1E-2240-43FA-BD41-90B9E05FEAC7}"
EndProject
Project("{FAE04EC0-301F-11D3-BF4B-00C04F79EFBC}") = "ExcelEditor.iOS", "ExcelEditor.iOS\ExcelEditor.iOS.csproj", "{2E933D25-F6F6-4407-907D-8F0924E66EAE}"
EndProject
Project("{FAE04EC0-301F-11D3-BF4B-00C04F79EFBC}") = "ExcelEditor", "ExcelEditor\ExcelEditor.csproj", "{62D0C7EC-EAC5-4619-81F8-5CC1190174C4}"
EndProject
Project("{2150E333-8FDC-42A3-9474-1A3956D46DE8}") = "WebAPI", "WebAPI", "{6D525657-25A8-4D14-A36E-F6743FA6E1D1}"
EndProject
Project("{FAE04EC0-301F-11D3-BF4B-00C04F79EFBC}") = "ExcelEditorAPI", "ExcelEditorAPI\ExcelEditorAPI.csproj", "{069C3976-CB45-4D96-9FEA-44970DA4C54E}"
EndProject
Global
	GlobalSection(SolutionConfigurationPlatforms) = preSolution
		Debug|Any CPU = Debug|Any CPU
		Release|Any CPU = Release|Any CPU
		Debug|iPhoneSimulator = Debug|iPhoneSimulator
		Release|iPhoneSimulator = Release|iPhoneSimulator
		Debug|iPhone = Debug|iPhone
		Release|iPhone = Release|iPhone
	EndGlobalSection
	GlobalSection(ProjectConfigurationPlatforms) = postSolution
		{6B5D7A1E-2240-43FA-BD41-90B9E05FEAC7}.Debug|Any CPU.ActiveCfg = Debug|Any CPU
		{6B5D7A1E-2240-43FA-BD41-90B9E05FEAC7}.Debug|Any CPU.Build.0 = Debug|Any CPU
		{6B5D7A1E-2240-43FA-BD41-90B9E05FEAC7}.Release|Any CPU.ActiveCfg = Release|Any CPU
		{6B5D7A1E-2240-43FA-BD41-90B9E05FEAC7}.Release|Any CPU.Build.0 = Release|Any CPU
		{6B5D7A1E-2240-43FA-BD41-90B9E05FEAC7}.Debug|iPhoneSimulator.ActiveCfg = Debug|Any CPU
		{6B5D7A1E-2240-43FA-BD41-90B9E05FEAC7}.Debug|iPhoneSimulator.Build.0 = Debug|Any CPU
		{6B5D7A1E-2240-43FA-BD41-90B9E05FEAC7}.Release|iPhoneSimulator.ActiveCfg = Release|Any CPU
		{6B5D7A1E-2240-43FA-BD41-90B9E05FEAC7}.Release|iPhoneSimulator.Build.0 = Release|Any CPU
		{6B5D7A1E-2240-43FA-BD41-90B9E05FEAC7}.Debug|iPhone.ActiveCfg = Debug|Any CPU
		{6B5D7A1E-2240-43FA-BD41-90B9E05FEAC7}.Debug|iPhone.Build.0 = Debug|Any CPU
		{6B5D7A1E-2240-43FA-BD41-90B9E05FEAC7}.Release|iPhone.ActiveCfg = Release|Any CPU
		{6B5D7A1E-2240-43FA-BD41-90B9E05FEAC7}.Release|iPhone.Build.0 = Release|Any CPU
		{2E933D25-F6F6-4407-907D-8F0924E66EAE}.Debug|Any CPU.ActiveCfg = Debug|iPhoneSimulator
		{2E933D25-F6F6-4407-907D-8F0924E66EAE}.Debug|Any CPU.Build.0 = Debug|iPhoneSimulator
		{2E933D25-F6F6-4407-907D-8F0924E66EAE}.Release|Any CPU.ActiveCfg = Release|iPhoneSimulator
		{2E933D25-F6F6-4407-907D-8F0924E66EAE}.Release|Any CPU.Build.0 = Release|iPhoneSimulator
		{2E933D25-F6F6-4407-907D-8F0924E66EAE}.Debug|iPhoneSimulator.ActiveCfg = Debug|iPhoneSimulator
		{2E933D25-F6F6-4407-907D-8F0924E66EAE}.Debug|iPhoneSimulator.Build.0 = Debug|iPhoneSimulator
		{2E933D25-F6F6-4407-907D-8F0924E66EAE}.Release|iPhoneSimulator.ActiveCfg = Release|iPhoneSimulator
		{2E933D25-F6F6-4407-907D-8F0924E66EAE}.Release|iPhoneSimulator.Build.0 = Release|iPhoneSimulator
		{2E933D25-F6F6-4407-907D-8F0924E66EAE}.Debug|iPhone.ActiveCfg = Debug|iPhone
		{2E933D25-F6F6-4407-907D-8F0924E66EAE}.Debug|iPhone.Build.0 = Debug|iPhone
		{2E933D25-F6F6-4407-907D-8F0924E66EAE}.Release|iPhone.ActiveCfg = Release|iPhone
		{2E933D25-F6F6-4407-907D-8F0924E66EAE}.Release|iPhone.Build.0 = Release|iPhone
		{62D0C7EC-EAC5-4619-81F8-5CC1190174C4}.Debug|Any CPU.ActiveCfg = Debug|Any CPU
		{62D0C7EC-EAC5-4619-81F8-5CC1190174C4}.Debug|Any CPU.Build.0 = Debug|Any CPU
		{62D0C7EC-EAC5-4619-81F8-5CC1190174C4}.Release|Any CPU.ActiveCfg = Release|Any CPU
		{62D0C7EC-EAC5-4619-81F8-5CC1190174C4}.Release|Any CPU.Build.0 = Release|Any CPU
		{62D0C7EC-EAC5-4619-81F8-5CC1190174C4}.Debug|iPhoneSimulator.ActiveCfg = Debug|Any CPU
		{62D0C7EC-EAC5-4619-81F8-5CC1190174C4}.Debug|iPhoneSimulator.Build.0 = Debug|Any CPU
		{62D0C7EC-EAC5-4619-81F8-5CC1190174C4}.Release|iPhoneSimulator.ActiveCfg = Release|Any CPU
		{62D0C7EC-EAC5-4619-81F8-5CC1190174C4}.Release|iPhoneSimulator.Build.0 = Release|Any CPU
		{62D0C7EC-EAC5-4619-81F8-5CC1190174C4}.Debug|iPhone.ActiveCfg = Debug|Any CPU
		{62D0C7EC-EAC5-4619-81F8-5CC1190174C4}.Debug|iPhone.Build.0 = Debug|Any CPU
		{62D0C7EC-EAC5-4619-81F8-5CC1190174C4}.Release|iPhone.ActiveCfg = Release|Any CPU
		{62D0C7EC-EAC5-4619-81F8-5CC1190174C4}.Release|iPhone.Build.0 = Release|Any CPU
		{069C3976-CB45-4D96-9FEA-44970DA4C54E}.Debug|Any CPU.ActiveCfg = Debug|Any CPU
		{069C3976-CB45-4D96-9FEA-44970DA4C54E}.Debug|Any CPU.Build.0 = Debug|Any CPU
		{069C3976-CB45-4D96-9FEA-44970DA4C54E}.Release|Any CPU.ActiveCfg = Release|Any CPU
		{069C3976-CB45-4D96-9FEA-44970DA4C54E}.Release|Any CPU.Build.0 = Release|Any CPU
		{069C3976-CB45-4D96-9FEA-44970DA4C54E}.Debug|iPhoneSimulator.ActiveCfg = Debug|Any CPU
		{069C3976-CB45-4D96-9FEA-44970DA4C54E}.Debug|iPhoneSimulator.Build.0 = Debug|Any CPU
		{069C3976-CB45-4D96-9FEA-44970DA4C54E}.Release|iPhoneSimulator.ActiveCfg = Release|Any CPU
		{069C3976-CB45-4D96-9FEA-44970DA4C54E}.Release|iPhoneSimulator.Build.0 = Release|Any CPU
		{069C3976-CB45-4D96-9FEA-44970DA4C54E}.Debug|iPhone.ActiveCfg = Debug|Any CPU
		{069C3976-CB45-4D96-9FEA-44970DA4C54E}.Debug|iPhone.Build.0 = Debug|Any CPU
		{069C3976-CB45-4D96-9FEA-44970DA4C54E}.Release|iPhone.ActiveCfg = Release|Any CPU
		{069C3976-CB45-4D96-9FEA-44970DA4C54E}.Release|iPhone.Build.0 = Release|Any CPU
	EndGlobalSection
	GlobalSection(SolutionProperties) = preSolution
		HideSolutionNode = FALSE
	EndGlobalSection
	GlobalSection(ExtensibilityGlobals) = postSolution
		SolutionGuid = {DD412E52-EB9D-4845-BC2C-272FF8972D1D}
	EndGlobalSection
	GlobalSection(NestedProjects) = preSolution
		{069C3976-CB45-4D96-9FEA-44970DA4C54E} = {6D525657-25A8-4D14-A36E-F6743FA6E1D1}
	EndGlobalSection
EndGlobal
